
Microsoft Visual Studio Solution File, Format Version 12.00
# Visual Studio Version 17
VisualStudioVersion = 17.9.34728.123
MinimumVisualStudioVersion = 10.0.40219.1
Project("{FAE04EC0-301F-11D3-BF4B-00C04F79EFBC}") = "MalandroShop", "MalandroShop\MalandroShop.csproj", "{8D198668-86FB-481F-8D61-AB2F1DA3CCE2}"
EndProject
Global
	GlobalSection(SolutionConfigurationPlatforms) = preSolution
		Debug|Any CPU = Debug|Any CPU
		Release|Any CPU = Release|Any CPU
	EndGlobalSection
	GlobalSection(ProjectConfigurationPlatforms) = postSolution
		{8D198668-86FB-481F-8D61-AB2F1DA3CCE2}.Debug|Any CPU.ActiveCfg = Debug|Any CPU
		{8D198668-86FB-481F-8D61-AB2F1DA3CCE2}.Debug|Any CPU.Build.0 = Debug|Any CPU
		{8D198668-86FB-481F-8D61-AB2F1DA3CCE2}.Release|Any CPU.ActiveCfg = Release|Any CPU
		{8D198668-86FB-481F-8D61-AB2F1DA3CCE2}.Release|Any CPU.Build.0 = Release|Any CPU
	EndGlobalSection
	GlobalSection(SolutionProperties) = preSolution
		HideSolutionNode = FALSE
	EndGlobalSection
	GlobalSection(ExtensibilityGlobals) = postSolution
		SolutionGuid = {BEFF60A5-9B63-4203-834E-2130931FA14F}
	EndGlobalSection
EndGlobal
